Microsoft Visual Studio Solution File, Format Version 12.00
# Visual Studio 2012
Project("{FAE04EC0-301F-11D3-BF4B-00C04F79EFBC}") = "Dungeon RPG", "Dungeon RPG.csproj", "{DC8FEC63-3A9C-43BC-A630-7074757EB61F}"
EndProject
Global
	GlobalSection(SolutionConfigurationPlatforms) = preSolution
	Debug|Any CPU = Debug|Any CPU
	ExportDebug|Any CPU = ExportDebug|Any CPU
	ExportRelease|Any CPU = ExportRelease|Any CPU
	EndGlobalSection
	GlobalSection(ProjectConfigurationPlatforms) = postSolution
		{DC8FEC63-3A9C-43BC-A630-7074757EB61F}.Debug|Any CPU.ActiveCfg = Debug|Any CPU
		{DC8FEC63-3A9C-43BC-A630-7074757EB61F}.Debug|Any CPU.Build.0 = Debug|Any CPU
		{DC8FEC63-3A9C-43BC-A630-7074757EB61F}.ExportDebug|Any CPU.ActiveCfg = ExportDebug|Any CPU
		{DC8FEC63-3A9C-43BC-A630-7074757EB61F}.ExportDebug|Any CPU.Build.0 = ExportDebug|Any CPU
		{DC8FEC63-3A9C-43BC-A630-7074757EB61F}.ExportRelease|Any CPU.ActiveCfg = ExportRelease|Any CPU
		{DC8FEC63-3A9C-43BC-A630-7074757EB61F}.ExportRelease|Any CPU.Build.0 = ExportRelease|Any CPU
	EndGlobalSection
EndGlobal
